
Microsoft Visual Studio Solution File, Format Version 12.00
# Visual Studio Version 17
VisualStudioVersion = 17.13.35919.96 d17.13
MinimumVisualStudioVersion = 10.0.40219.1
Project("{FAE04EC0-301F-11D3-BF4B-00C04F79EFBC}") = "CapaDeAccesoADatos", "CapaDeAccesoADatos\CapaDeAccesoADatos.csproj", "{CE12973B-F0A2-49F2-BE0F-0881B6E3087A}"
EndProject
Project("{FAE04EC0-301F-11D3-BF4B-00C04F79EFBC}") = "CapaDeNegocio", "CapaDeNegocio\CapaDeNegocio.csproj", "{0A12C2DD-FF97-46D4-823F-EFC401E091BC}"
EndProject
Project("{FAE04EC0-301F-11D3-BF4B-00C04F79EFBC}") = "CapaDePresentacion", "CapaDePresentacion\CapaDePresentacion.csproj", "{890EA74F-C01B-4A59-BC7E-02B0AF244A10}"
EndProject
Global
	GlobalSection(SolutionConfigurationPlatforms) = preSolution
		Debug|Any CPU = Debug|Any CPU
		Release|Any CPU = Release|Any CPU
	EndGlobalSection
	GlobalSection(ProjectConfigurationPlatforms) = postSolution
		{CE12973B-F0A2-49F2-BE0F-0881B6E3087A}.Debug|Any CPU.ActiveCfg = Debug|Any CPU
		{CE12973B-F0A2-49F2-BE0F-0881B6E3087A}.Debug|Any CPU.Build.0 = Debug|Any CPU
		{CE12973B-F0A2-49F2-BE0F-0881B6E3087A}.Release|Any CPU.ActiveCfg = Release|Any CPU
		{CE12973B-F0A2-49F2-BE0F-0881B6E3087A}.Release|Any CPU.Build.0 = Release|Any CPU
		{0A12C2DD-FF97-46D4-823F-EFC401E091BC}.Debug|Any CPU.ActiveCfg = Debug|Any CPU
		{0A12C2DD-FF97-46D4-823F-EFC401E091BC}.Debug|Any CPU.Build.0 = Debug|Any CPU
		{0A12C2DD-FF97-46D4-823F-EFC401E091BC}.Release|Any CPU.ActiveCfg = Release|Any CPU
		{0A12C2DD-FF97-46D4-823F-EFC401E091BC}.Release|Any CPU.Build.0 = Release|Any CPU
		{890EA74F-C01B-4A59-BC7E-02B0AF244A10}.Debug|Any CPU.ActiveCfg = Debug|Any CPU
		{890EA74F-C01B-4A59-BC7E-02B0AF244A10}.Debug|Any CPU.Build.0 = Debug|Any CPU
		{890EA74F-C01B-4A59-BC7E-02B0AF244A10}.Release|Any CPU.ActiveCfg = Release|Any CPU
		{890EA74F-C01B-4A59-BC7E-02B0AF244A10}.Release|Any CPU.Build.0 = Release|Any CPU
	EndGlobalSection
	GlobalSection(SolutionProperties) = preSolution
		HideSolutionNode = FALSE
	EndGlobalSection
	GlobalSection(ExtensibilityGlobals) = postSolution
		SolutionGuid = {5282161E-D41B-4B53-B253-E335F1A1B786}
	EndGlobalSection
EndGlobal
