
Microsoft Visual Studio Solution File, Format Version 12.00
# Visual Studio Version 17
VisualStudioVersion = 17.13.35919.96 d17.13
MinimumVisualStudioVersion = 10.0.40219.1
Project("{FAE04EC0-301F-11D3-BF4B-00C04F79EFBC}") = "BibliotecaEjemplo", "BibliotecaEjemplo\BibliotecaEjemplo.csproj", "{7D898565-9B4F-41D6-B5AB-5E9E9963F504}"
EndProject
Global
	GlobalSection(SolutionConfigurationPlatforms) = preSolution
		Debug|Any CPU = Debug|Any CPU
		Release|Any CPU = Release|Any CPU
	EndGlobalSection
	GlobalSection(ProjectConfigurationPlatforms) = postSolution
		{7D898565-9B4F-41D6-B5AB-5E9E9963F504}.Debug|Any CPU.ActiveCfg = Debug|Any CPU
		{7D898565-9B4F-41D6-B5AB-5E9E9963F504}.Debug|Any CPU.Build.0 = Debug|Any CPU
		{7D898565-9B4F-41D6-B5AB-5E9E9963F504}.Release|Any CPU.ActiveCfg = Release|Any CPU
		{7D898565-9B4F-41D6-B5AB-5E9E9963F504}.Release|Any CPU.Build.0 = Release|Any CPU
	EndGlobalSection
	GlobalSection(SolutionProperties) = preSolution
		HideSolutionNode = FALSE
	EndGlobalSection
	GlobalSection(ExtensibilityGlobals) = postSolution
		SolutionGuid = {A328C2CB-EB1E-4079-A410-F6470F69939D}
	EndGlobalSection
EndGlobal
