
Microsoft Visual Studio Solution File, Format Version 12.00
# Visual Studio Version 17
VisualStudioVersion = 17.13.35913.81 d17.13
MinimumVisualStudioVersion = 10.0.40219.1
Project("{FAE04EC0-301F-11D3-BF4B-00C04F79EFBC}") = "Calculadora Inteligente", "Calculadora Inteligente\Calculadora Inteligente.csproj", "{D883237D-CC5F-4526-B8E3-E90AE66CC109}"
EndProject
Global
	GlobalSection(SolutionConfigurationPlatforms) = preSolution
		Debug|Any CPU = Debug|Any CPU
		Release|Any CPU = Release|Any CPU
	EndGlobalSection
	GlobalSection(ProjectConfigurationPlatforms) = postSolution
		{D883237D-CC5F-4526-B8E3-E90AE66CC109}.Debug|Any CPU.ActiveCfg = Debug|Any CPU
		{D883237D-CC5F-4526-B8E3-E90AE66CC109}.Debug|Any CPU.Build.0 = Debug|Any CPU
		{D883237D-CC5F-4526-B8E3-E90AE66CC109}.Release|Any CPU.ActiveCfg = Release|Any CPU
		{D883237D-CC5F-4526-B8E3-E90AE66CC109}.Release|Any CPU.Build.0 = Release|Any CPU
	EndGlobalSection
	GlobalSection(SolutionProperties) = preSolution
		HideSolutionNode = FALSE
	EndGlobalSection
	GlobalSection(ExtensibilityGlobals) = postSolution
		SolutionGuid = {AEED19E4-86CE-4686-884D-1779F1428DBC}
	EndGlobalSection
EndGlobal
