
Microsoft Visual Studio Solution File, Format Version 12.00
# Visual Studio Version 17
VisualStudioVersion = 17.13.35919.96
MinimumVisualStudioVersion = 10.0.40219.1
Project("{FAE04EC0-301F-11D3-BF4B-00C04F79EFBC}") = "AppFormEjemplo", "AppFormEjemplo\AppFormEjemplo.csproj", "{20724F5D-73FE-41CA-808E-A37B63EAF27E}"
EndProject
Project("{FAE04EC0-301F-11D3-BF4B-00C04F79EFBC}") = "EjemploBiblioteca2", "..\EjemploBiblioteca2\EjemploBiblioteca2\EjemploBiblioteca2.csproj", "{88916150-DEC9-470E-90FA-4806006AE0F1}"
EndProject
Global
	GlobalSection(SolutionConfigurationPlatforms) = preSolution
		Debug|Any CPU = Debug|Any CPU
		Release|Any CPU = Release|Any CPU
	EndGlobalSection
	GlobalSection(ProjectConfigurationPlatforms) = postSolution
		{20724F5D-73FE-41CA-808E-A37B63EAF27E}.Debug|Any CPU.ActiveCfg = Debug|Any CPU
		{20724F5D-73FE-41CA-808E-A37B63EAF27E}.Debug|Any CPU.Build.0 = Debug|Any CPU
		{20724F5D-73FE-41CA-808E-A37B63EAF27E}.Release|Any CPU.ActiveCfg = Release|Any CPU
		{20724F5D-73FE-41CA-808E-A37B63EAF27E}.Release|Any CPU.Build.0 = Release|Any CPU
		{88916150-DEC9-470E-90FA-4806006AE0F1}.Debug|Any CPU.ActiveCfg = Debug|Any CPU
		{88916150-DEC9-470E-90FA-4806006AE0F1}.Debug|Any CPU.Build.0 = Debug|Any CPU
		{88916150-DEC9-470E-90FA-4806006AE0F1}.Release|Any CPU.ActiveCfg = Release|Any CPU
		{88916150-DEC9-470E-90FA-4806006AE0F1}.Release|Any CPU.Build.0 = Release|Any CPU
	EndGlobalSection
	GlobalSection(SolutionProperties) = preSolution
		HideSolutionNode = FALSE
	EndGlobalSection
	GlobalSection(ExtensibilityGlobals) = postSolution
		SolutionGuid = {AE996748-241C-444F-9437-F4A848884FA9}
	EndGlobalSection
EndGlobal
